{
  "name": "mokudi",
  "version": "2025.2.3-0.0.1",
  "lockfileVersion": 2,
  "requires": true,
  "packages": {
    "": {
      "name": "mokudi",
      "version": "2025.2.3-0.0.1",
      "license": "MIT",
      "bin": {
        "mokudi": "index.js"
      },
      "engines": {
        "node": ">=8.5.0"
      }
    }
  }
}
